
Microsoft Visual Studio Solution File, Format Version 12.00
# Visual Studio 15
VisualStudioVersion = 15.0.28307.168
MinimumVisualStudioVersion = 10.0.40219.1
Project("{FAE04EC0-301F-11D3-BF4B-00C04F79EFBC}") = "RS232", "SerialTerminal\RS232.csproj", "{1A1BA0F8-8C04-4533-BDB6-FDB2FF8BD31A}"
EndProject
Global
	GlobalSection(SolutionConfigurationPlatforms) = preSolution
		Debug|Any CPU = Debug|Any CPU
		Release|Any CPU = Release|Any CPU
	EndGlobalSection
	GlobalSection(ProjectConfigurationPlatforms) = postSolution
		{1A1BA0F8-8C04-4533-BDB6-FDB2FF8BD31A}.Debug|Any CPU.ActiveCfg = Debug|Any CPU
		{1A1BA0F8-8C04-4533-BDB6-FDB2FF8BD31A}.Debug|Any CPU.Build.0 = Debug|Any CPU
		{1A1BA0F8-8C04-4533-BDB6-FDB2FF8BD31A}.Release|Any CPU.ActiveCfg = Release|Any CPU
		{1A1BA0F8-8C04-4533-BDB6-FDB2FF8BD31A}.Release|Any CPU.Build.0 = Release|Any CPU
	EndGlobalSection
	GlobalSection(SolutionProperties) = preSolution
		HideSolutionNode = FALSE
	EndGlobalSection
	GlobalSection(ExtensibilityGlobals) = postSolution
		SolutionGuid = {2E847E61-7ACE-4E4D-A833-FFE08A517614}
	EndGlobalSection
EndGlobal
